
Microsoft Visual Studio Solution File, Format Version 12.00
# Visual Studio Version 17
VisualStudioVersion = 17.4.33213.308
MinimumVisualStudioVersion = 10.0.40219.1
Project("{9A19103F-16F7-4668-BE54-9A1E7A4F7556}") = "BreeceWorks.CommunicationWebApi", "BreeceWorks.CommunicationWebApi\BreeceWorks.CommunicationWebApi.csproj", "{A7EB2EF8-A655-4174-8F83-B08E853C3DE4}"
EndProject
Project("{9A19103F-16F7-4668-BE54-9A1E7A4F7556}") = "BreeceWorks.Shared", "BreeceWorks.Shared\BreeceWorks.Shared.csproj", "{403B7E4E-6E3D-42FD-91AE-F22C7DDBC343}"
EndProject
Project("{9A19103F-16F7-4668-BE54-9A1E7A4F7556}") = "BreeceWorks.SMSCoreWebApi", "BreeceWorks.SMSCoreWebApi\BreeceWorks.SMSCoreWebApi.csproj", "{E8506852-0AF7-4B51-8379-646FE309D432}"
EndProject
Project("{9A19103F-16F7-4668-BE54-9A1E7A4F7556}") = "BreeceWorks.CommunicationHub", "BreeceWorks.CommunicationHub\BreeceWorks.CommunicationHub.csproj", "{05410C5D-7C98-4AF3-8B33-3B08295AFC1C}"
EndProject
Project("{2150E333-8FDC-42A3-9474-1A3956D46DE8}") = "Documents", "Documents", "{1EBC9C15-69F4-4464-9EBE-9E3DB5EF81F7}"
	ProjectSection(SolutionItems) = preProject
		Documents\ReadMe.docx = Documents\ReadMe.docx
		Documents\SMSCommunicationDB.sql = Documents\SMSCommunicationDB.sql
	EndProjectSection
EndProject
Project("{9A19103F-16F7-4668-BE54-9A1E7A4F7556}") = "BreeceWorks.DemoSMS", "BreeceWorks.DemoSMS\BreeceWorks.DemoSMS.csproj", "{750DD117-DB2D-45ED-B6B4-112C1F3E4A8A}"
EndProject
Global
	GlobalSection(SolutionConfigurationPlatforms) = preSolution
		Debug|Any CPU = Debug|Any CPU
		Release|Any CPU = Release|Any CPU
	EndGlobalSection
	GlobalSection(ProjectConfigurationPlatforms) = postSolution
		{A7EB2EF8-A655-4174-8F83-B08E853C3DE4}.Debug|Any CPU.ActiveCfg = Debug|Any CPU
		{A7EB2EF8-A655-4174-8F83-B08E853C3DE4}.Debug|Any CPU.Build.0 = Debug|Any CPU
		{A7EB2EF8-A655-4174-8F83-B08E853C3DE4}.Release|Any CPU.ActiveCfg = Release|Any CPU
		{A7EB2EF8-A655-4174-8F83-B08E853C3DE4}.Release|Any CPU.Build.0 = Release|Any CPU
		{403B7E4E-6E3D-42FD-91AE-F22C7DDBC343}.Debug|Any CPU.ActiveCfg = Debug|Any CPU
		{403B7E4E-6E3D-42FD-91AE-F22C7DDBC343}.Debug|Any CPU.Build.0 = Debug|Any CPU
		{403B7E4E-6E3D-42FD-91AE-F22C7DDBC343}.Release|Any CPU.ActiveCfg = Release|Any CPU
		{403B7E4E-6E3D-42FD-91AE-F22C7DDBC343}.Release|Any CPU.Build.0 = Release|Any CPU
		{E8506852-0AF7-4B51-8379-646FE309D432}.Debug|Any CPU.ActiveCfg = Debug|Any CPU
		{E8506852-0AF7-4B51-8379-646FE309D432}.Debug|Any CPU.Build.0 = Debug|Any CPU
		{E8506852-0AF7-4B51-8379-646FE309D432}.Release|Any CPU.ActiveCfg = Release|Any CPU
		{E8506852-0AF7-4B51-8379-646FE309D432}.Release|Any CPU.Build.0 = Release|Any CPU
		{05410C5D-7C98-4AF3-8B33-3B08295AFC1C}.Debug|Any CPU.ActiveCfg = Debug|Any CPU
		{05410C5D-7C98-4AF3-8B33-3B08295AFC1C}.Debug|Any CPU.Build.0 = Debug|Any CPU
		{05410C5D-7C98-4AF3-8B33-3B08295AFC1C}.Release|Any CPU.ActiveCfg = Release|Any CPU
		{05410C5D-7C98-4AF3-8B33-3B08295AFC1C}.Release|Any CPU.Build.0 = Release|Any CPU
		{750DD117-DB2D-45ED-B6B4-112C1F3E4A8A}.Debug|Any CPU.ActiveCfg = Debug|Any CPU
		{750DD117-DB2D-45ED-B6B4-112C1F3E4A8A}.Debug|Any CPU.Build.0 = Debug|Any CPU
		{750DD117-DB2D-45ED-B6B4-112C1F3E4A8A}.Release|Any CPU.ActiveCfg = Release|Any CPU
		{750DD117-DB2D-45ED-B6B4-112C1F3E4A8A}.Release|Any CPU.Build.0 = Release|Any CPU
	EndGlobalSection
	GlobalSection(SolutionProperties) = preSolution
		HideSolutionNode = FALSE
	EndGlobalSection
	GlobalSection(ExtensibilityGlobals) = postSolution
		SolutionGuid = {339DB434-FB37-4180-AA0A-64FED485DD81}
	EndGlobalSection
EndGlobal
